
Microsoft Visual Studio Solution File, Format Version 12.00
# Visual Studio Version 16
VisualStudioVersion = 25.0.1704.2
MinimumVisualStudioVersion = 10.0.40219.1
Project("{FAE04EC0-301F-11D3-BF4B-00C04F79EFBC}") = "ForInARow", "TheisTest\ForInARow.csproj", "{18C72336-D5D1-4AD7-9D12-BC7E2E4BB27F}"
EndProject
Project("{FAE04EC0-301F-11D3-BF4B-00C04F79EFBC}") = "ForInARow.UnitTest", "ForInARow.UnitTest\ForInARow.UnitTest.csproj", "{0DB7F7A9-B2DE-4E84-AA22-B712BDD151FD}"
EndProject
Global
	GlobalSection(SolutionConfigurationPlatforms) = preSolution
		Debug|Any CPU = Debug|Any CPU
		Release|Any CPU = Release|Any CPU
	EndGlobalSection
	GlobalSection(ProjectConfigurationPlatforms) = postSolution
		{18C72336-D5D1-4AD7-9D12-BC7E2E4BB27F}.Debug|Any CPU.ActiveCfg = Debug|Any CPU
		{18C72336-D5D1-4AD7-9D12-BC7E2E4BB27F}.Debug|Any CPU.Build.0 = Debug|Any CPU
		{18C72336-D5D1-4AD7-9D12-BC7E2E4BB27F}.Release|Any CPU.ActiveCfg = Release|Any CPU
		{18C72336-D5D1-4AD7-9D12-BC7E2E4BB27F}.Release|Any CPU.Build.0 = Release|Any CPU
		{0DB7F7A9-B2DE-4E84-AA22-B712BDD151FD}.Debug|Any CPU.ActiveCfg = Debug|Any CPU
		{0DB7F7A9-B2DE-4E84-AA22-B712BDD151FD}.Debug|Any CPU.Build.0 = Debug|Any CPU
		{0DB7F7A9-B2DE-4E84-AA22-B712BDD151FD}.Release|Any CPU.ActiveCfg = Release|Any CPU
		{0DB7F7A9-B2DE-4E84-AA22-B712BDD151FD}.Release|Any CPU.Build.0 = Release|Any CPU
	EndGlobalSection
	GlobalSection(SolutionProperties) = preSolution
		HideSolutionNode = FALSE
	EndGlobalSection
	GlobalSection(ExtensibilityGlobals) = postSolution
		SolutionGuid = {BFB89E64-8788-4FA3-8CF7-11ED9DE7F8C9}
	EndGlobalSection
EndGlobal
